
Microsoft Visual Studio Solution File, Format Version 12.00
# Visual Studio Version 17
VisualStudioVersion = 17.8.34309.116
MinimumVisualStudioVersion = 10.0.40219.1
Project("{9A19103F-16F7-4668-BE54-9A1E7A4F7556}") = "DevFreela.API", "DevFreela.API\DevFreela.API.csproj", "{FCAD272B-4AD7-45AC-BFD6-6ACB967A111F}"
EndProject
Project("{FAE04EC0-301F-11D3-BF4B-00C04F79EFBC}") = "DevFreela.Core", "DevFreela.Core\DevFreela.Core\DevFreela.Core.csproj", "{C5DA61F1-0ED2-4E1D-8368-220B48DE373F}"
EndProject
Project("{FAE04EC0-301F-11D3-BF4B-00C04F79EFBC}") = "DevFreela.Infraestructure", "DevFreela.Infraestructure\DevFreela.Infraestructure.csproj", "{2BA21F5D-E871-41B3-B9FC-0269D85848C3}"
EndProject
Project("{FAE04EC0-301F-11D3-BF4B-00C04F79EFBC}") = "DevFreela.Application", "DevFreela.Application\DevFreela.Application.csproj", "{53A09321-B719-4F4C-8501-735BDE674DE1}"
EndProject
Global
	GlobalSection(SolutionConfigurationPlatforms) = preSolution
		Debug|Any CPU = Debug|Any CPU
		Release|Any CPU = Release|Any CPU
	EndGlobalSection
	GlobalSection(ProjectConfigurationPlatforms) = postSolution
		{FCAD272B-4AD7-45AC-BFD6-6ACB967A111F}.Debug|Any CPU.ActiveCfg = Debug|Any CPU
		{FCAD272B-4AD7-45AC-BFD6-6ACB967A111F}.Debug|Any CPU.Build.0 = Debug|Any CPU
		{FCAD272B-4AD7-45AC-BFD6-6ACB967A111F}.Release|Any CPU.ActiveCfg = Release|Any CPU
		{FCAD272B-4AD7-45AC-BFD6-6ACB967A111F}.Release|Any CPU.Build.0 = Release|Any CPU
		{C5DA61F1-0ED2-4E1D-8368-220B48DE373F}.Debug|Any CPU.ActiveCfg = Debug|Any CPU
		{C5DA61F1-0ED2-4E1D-8368-220B48DE373F}.Debug|Any CPU.Build.0 = Debug|Any CPU
		{C5DA61F1-0ED2-4E1D-8368-220B48DE373F}.Release|Any CPU.ActiveCfg = Release|Any CPU
		{C5DA61F1-0ED2-4E1D-8368-220B48DE373F}.Release|Any CPU.Build.0 = Release|Any CPU
		{2BA21F5D-E871-41B3-B9FC-0269D85848C3}.Debug|Any CPU.ActiveCfg = Debug|Any CPU
		{2BA21F5D-E871-41B3-B9FC-0269D85848C3}.Debug|Any CPU.Build.0 = Debug|Any CPU
		{2BA21F5D-E871-41B3-B9FC-0269D85848C3}.Release|Any CPU.ActiveCfg = Release|Any CPU
		{2BA21F5D-E871-41B3-B9FC-0269D85848C3}.Release|Any CPU.Build.0 = Release|Any CPU
		{53A09321-B719-4F4C-8501-735BDE674DE1}.Debug|Any CPU.ActiveCfg = Debug|Any CPU
		{53A09321-B719-4F4C-8501-735BDE674DE1}.Debug|Any CPU.Build.0 = Debug|Any CPU
		{53A09321-B719-4F4C-8501-735BDE674DE1}.Release|Any CPU.ActiveCfg = Release|Any CPU
		{53A09321-B719-4F4C-8501-735BDE674DE1}.Release|Any CPU.Build.0 = Release|Any CPU
	EndGlobalSection
	GlobalSection(SolutionProperties) = preSolution
		HideSolutionNode = FALSE
	EndGlobalSection
	GlobalSection(ExtensibilityGlobals) = postSolution
		SolutionGuid = {C86B0C4A-EFAF-45E9-9D8A-976B1819F420}
	EndGlobalSection
EndGlobal
